
Microsoft Visual Studio Solution File, Format Version 12.00
# Visual Studio Version 17
VisualStudioVersion = 17.8.34330.188
MinimumVisualStudioVersion = 10.0.40219.1
Project("{9A19103F-16F7-4668-BE54-9A1E7A4F7556}") = "ConsoleApp1", "ConsoleApp1\ConsoleApp1.csproj", "{FA341231-CCEF-49B0-B319-EF4C4B788EAF}"
EndProject
Global
	GlobalSection(SolutionConfigurationPlatforms) = preSolution
		Debug|Any CPU = Debug|Any CPU
		Release|Any CPU = Release|Any CPU
	EndGlobalSection
	GlobalSection(ProjectConfigurationPlatforms) = postSolution
		{FA341231-CCEF-49B0-B319-EF4C4B788EAF}.Debug|Any CPU.ActiveCfg = Debug|Any CPU
		{FA341231-CCEF-49B0-B319-EF4C4B788EAF}.Debug|Any CPU.Build.0 = Debug|Any CPU
		{FA341231-CCEF-49B0-B319-EF4C4B788EAF}.Release|Any CPU.ActiveCfg = Release|Any CPU
		{FA341231-CCEF-49B0-B319-EF4C4B788EAF}.Release|Any CPU.Build.0 = Release|Any CPU
	EndGlobalSection
	GlobalSection(SolutionProperties) = preSolution
		HideSolutionNode = FALSE
	EndGlobalSection
	GlobalSection(ExtensibilityGlobals) = postSolution
		SolutionGuid = {40210D2E-80EB-43A0-AAC7-9EC7E48EF2C1}
	EndGlobalSection
EndGlobal
