
Microsoft Visual Studio Solution File, Format Version 12.00
# Visual Studio Version 17
VisualStudioVersion = 17.8.34511.84
MinimumVisualStudioVersion = 10.0.40219.1
Project("{9A19103F-16F7-4668-BE54-9A1E7A4F7556}") = "ConsoleApp1", "Day1\ConsoleApp1\ConsoleApp1.csproj", "{E98B6440-8CB8-487D-83FD-E5829F67A1A5}"
EndProject
Project("{9A19103F-16F7-4668-BE54-9A1E7A4F7556}") = "Day2", "Day2\Day2\Day2.csproj", "{840FB45D-29C5-4B06-BE75-7ADF661DFB40}"
EndProject
Project("{FAE04EC0-301F-11D3-BF4B-00C04F79EFBC}") = "Day3", "Day3\Day3.csproj", "{F494BF5D-2233-4344-8EC9-6D3478097844}"
EndProject
Global
	GlobalSection(SolutionConfigurationPlatforms) = preSolution
		Debug|Any CPU = Debug|Any CPU
		Release|Any CPU = Release|Any CPU
	EndGlobalSection
	GlobalSection(ProjectConfigurationPlatforms) = postSolution
		{E98B6440-8CB8-487D-83FD-E5829F67A1A5}.Debug|Any CPU.ActiveCfg = Debug|Any CPU
		{E98B6440-8CB8-487D-83FD-E5829F67A1A5}.Debug|Any CPU.Build.0 = Debug|Any CPU
		{E98B6440-8CB8-487D-83FD-E5829F67A1A5}.Release|Any CPU.ActiveCfg = Release|Any CPU
		{E98B6440-8CB8-487D-83FD-E5829F67A1A5}.Release|Any CPU.Build.0 = Release|Any CPU
		{840FB45D-29C5-4B06-BE75-7ADF661DFB40}.Debug|Any CPU.ActiveCfg = Debug|Any CPU
		{840FB45D-29C5-4B06-BE75-7ADF661DFB40}.Debug|Any CPU.Build.0 = Debug|Any CPU
		{840FB45D-29C5-4B06-BE75-7ADF661DFB40}.Release|Any CPU.ActiveCfg = Release|Any CPU
		{840FB45D-29C5-4B06-BE75-7ADF661DFB40}.Release|Any CPU.Build.0 = Release|Any CPU
		{F494BF5D-2233-4344-8EC9-6D3478097844}.Debug|Any CPU.ActiveCfg = Debug|Any CPU
		{F494BF5D-2233-4344-8EC9-6D3478097844}.Debug|Any CPU.Build.0 = Debug|Any CPU
		{F494BF5D-2233-4344-8EC9-6D3478097844}.Release|Any CPU.ActiveCfg = Release|Any CPU
		{F494BF5D-2233-4344-8EC9-6D3478097844}.Release|Any CPU.Build.0 = Release|Any CPU
	EndGlobalSection
	GlobalSection(SolutionProperties) = preSolution
		HideSolutionNode = FALSE
	EndGlobalSection
	GlobalSection(ExtensibilityGlobals) = postSolution
		SolutionGuid = {5E4821AF-891A-47CA-A8AC-39CC9B7BDEEF}
	EndGlobalSection
EndGlobal
